// !$*UTF8*$!
{
	archiveVersion = 1;
	classes = {
	};
	objectVersion = 56;
	objects = {

/* Begin PBXBuildFile section */
		4957317C29349F9200057BD0 /* Alamofire in Frameworks */ = {isa = PBXBuildFile; productRef = 4957317B29349F9200057BD0 /* Alamofire */; };
		495731812934A38300057BD0 /* FirebaseMessaging in Frameworks */ = {isa = PBXBuildFile; productRef = 495731802934A38300057BD0 /* FirebaseMessaging */; };
		495731A02934B43600057BD0 /* FirebaseAnalytics in Frameworks */ = {isa = PBXBuildFile; productRef = 4957319F2934B43600057BD0 /* FirebaseAnalytics */; };
		495731A42934C28300057BD0 /* GoogleService-Info.plist in Resources */ = {isa = PBXBuildFile; fileRef = 495731A32934C28300057BD0 /* GoogleService-Info.plist */; };
		495731A62934DF8400057BD0 /* FirebaseDynamicLinks in Frameworks */ = {isa = PBXBuildFile; productRef = 495731A52934DF8400057BD0 /* FirebaseDynamicLinks */; };
		49C70E5F2934881C00393858 /* MAKATYApp.swift in Sources */ = {isa = PBXBuildFile; fileRef = 49C70E5E2934881C00393858 /* MAKATYApp.swift */; };
		49C70E612934881C00393858 /* ContentView.swift in Sources */ = {isa = PBXBuildFile; fileRef = 49C70E602934881C00393858 /* ContentView.swift */; };
		49C70E632934881D00393858 /* Assets.xcassets in Resources */ = {isa = PBXBuildFile; fileRef = 49C70E622934881D00393858 /* Assets.xcassets */; };
		49C70E662934881D00393858 /* Preview Assets.xcassets in Resources */ = {isa = PBXBuildFile; fileRef = 49C70E652934881D00393858 /* Preview Assets.xcassets */; };
/* End PBXBuildFile section */

/* Begin PBXFileReference section */
		495731822934AB1400057BD0 /* Info.plist */ = {isa = PBXFileReference; lastKnownFileType = text.plist; path = Info.plist; sourceTree = "<group>"; };
		495731832934ABF000057BD0 /* MAKATY.entitlements */ = {isa = PBXFileReference; lastKnownFileType = text.plist.entitlements; path = MAKATY.entitlements; sourceTree = "<group>"; };
		495731A32934C28300057BD0 /* GoogleService-Info.plist */ = {isa = PBXFileReference; fileEncoding = 4; lastKnownFileType = text.plist.xml; path = "GoogleService-Info.plist"; sourceTree = "<group>"; };
		49C70E5B2934881C00393858 /* MAKATY.app */ = {isa = PBXFileReference; explicitFileType = wrapper.application; includeInIndex = 0; path = MAKATY.app; sourceTree = BUILT_PRODUCTS_DIR; };
		49C70E5E2934881C00393858 /* MAKATYApp.swift */ = {isa = PBXFileReference; lastKnownFileType = sourcecode.swift; path = MAKATYApp.swift; sourceTree = "<group>"; };
		49C70E602934881C00393858 /* ContentView.swift */ = {isa = PBXFileReference; lastKnownFileType = sourcecode.swift; path = ContentView.swift; sourceTree = "<group>"; };
		49C70E622934881D00393858 /* Assets.xcassets */ = {isa = PBXFileReference; lastKnownFileType = folder.assetcatalog; path = Assets.xcassets; sourceTree = "<group>"; };
		49C70E652934881D00393858 /* Preview Assets.xcassets */ = {isa = PBXFileReference; lastKnownFileType = folder.assetcatalog; path = "Preview Assets.xcassets"; sourceTree = "<group>"; };
/* End PBXFileReference section */

/* Begin PBXFrameworksBuildPhase section */
		49C70E582934881C00393858 /* Frameworks */ = {
			isa = PBXFrameworksBuildPhase;
			buildActionMask = 2147483647;
			files = (
				495731812934A38300057BD0 /* FirebaseMessaging in Frameworks */,
				4957317C29349F9200057BD0 /* Alamofire in Frameworks */,
				495731A02934B43600057BD0 /* FirebaseAnalytics in Frameworks */,
				495731A62934DF8400057BD0 /* FirebaseDynamicLinks in Frameworks */,
			);
			runOnlyForDeploymentPostprocessing = 0;
		};
/* End PBXFrameworksBuildPhase section */

/* Begin PBXGroup section */
		4957319E2934B43600057BD0 /* Frameworks */ = {
			isa = PBXGroup;
			children = (
			);
			name = Frameworks;
			sourceTree = "<group>";
		};
		49C70E522934881B00393858 = {
			isa = PBXGroup;
			children = (
				49C70E5D2934881C00393858 /* MAKATY */,
				49C70E5C2934881C00393858 /* Products */,
				4957319E2934B43600057BD0 /* Frameworks */,
			);
			sourceTree = "<group>";
		};
		49C70E5C2934881C00393858 /* Products */ = {
			isa = PBXGroup;
			children = (
				49C70E5B2934881C00393858 /* MAKATY.app */,
			);
			name = Products;
			sourceTree = "<group>";
		};
		49C70E5D2934881C00393858 /* MAKATY */ = {
			isa = PBXGroup;
			children = (
				495731A32934C28300057BD0 /* GoogleService-Info.plist */,
				495731832934ABF000057BD0 /* MAKATY.entitlements */,
				495731822934AB1400057BD0 /* Info.plist */,
				49C70E5E2934881C00393858 /* MAKATYApp.swift */,
				49C70E602934881C00393858 /* ContentView.swift */,
				49C70E622934881D00393858 /* Assets.xcassets */,
				49C70E642934881D00393858 /* Preview Content */,
			);
			path = MAKATY;
			sourceTree = "<group>";
		};
		49C70E642934881D00393858 /* Preview Content */ = {
			isa = PBXGroup;
			children = (
				49C70E652934881D00393858 /* Preview Assets.xcassets */,
			);
			path = "Preview Content";
			sourceTree = "<group>";
		};
/* End PBXGroup section */

/* Begin PBXNativeTarget section */
		49C70E5A2934881C00393858 /* MAKATY */ = {
			isa = PBXNativeTarget;
			buildConfigurationList = 49C70E692934881D00393858 /* Build configuration list for PBXNativeTarget "MAKATY" */;
			buildPhases = (
				49C70E572934881C00393858 /* Sources */,
				49C70E582934881C00393858 /* Frameworks */,
				49C70E592934881C00393858 /* Resources */,
			);
			buildRules = (
			);
			dependencies = (
			);
			name = MAKATY;
			packageProductDependencies = (
				4957317B29349F9200057BD0 /* Alamofire */,
				495731802934A38300057BD0 /* FirebaseMessaging */,
				4957319F2934B43600057BD0 /* FirebaseAnalytics */,
				495731A52934DF8400057BD0 /* FirebaseDynamicLinks */,
			);
			productName = MAKATY;
			productReference = 49C70E5B2934881C00393858 /* MAKATY.app */;
			productType = "com.apple.product-type.application";
		};
/* End PBXNativeTarget section */

/* Begin PBXProject section */
		49C70E532934881B00393858 /* Project object */ = {
			isa = PBXProject;
			attributes = {
				BuildIndependentTargetsInParallel = 1;
				LastSwiftUpdateCheck = 1410;
				LastUpgradeCheck = 1410;
				TargetAttributes = {
					49C70E5A2934881C00393858 = {
						CreatedOnToolsVersion = 14.1;
					};
				};
			};
			buildConfigurationList = 49C70E562934881B00393858 /* Build configuration list for PBXProject "MAKATY" */;
			compatibilityVersion = "Xcode 14.0";
			developmentRegion = en;
			hasScannedForEncodings = 0;
			knownRegions = (
				en,
				Base,
			);
			mainGroup = 49C70E522934881B00393858;
			packageReferences = (
				4957317A29349F9200057BD0 /* XCRemoteSwiftPackageReference "Alamofire" */,
				4957317D2934A38300057BD0 /* XCRemoteSwiftPackageReference "firebase-ios-sdk" */,
			);
			productRefGroup = 49C70E5C2934881C00393858 /* Products */;
			projectDirPath = "";
			projectRoot = "";
			targets = (
				49C70E5A2934881C00393858 /* MAKATY */,
			);
		};
/* End PBXProject section */

/* Begin PBXResourcesBuildPhase section */
		49C70E592934881C00393858 /* Resources */ = {
			isa = PBXResourcesBuildPhase;
			buildActionMask = 2147483647;
			files = (
				49C70E662934881D00393858 /* Preview Assets.xcassets in Resources */,
				49C70E632934881D00393858 /* Assets.xcassets in Resources */,
				495731A42934C28300057BD0 /* GoogleService-Info.plist in Resources */,
			);
			runOnlyForDeploymentPostprocessing = 0;
		};
/* End PBXResourcesBuildPhase section */

/* Begin PBXSourcesBuildPhase section */
		49C70E572934881C00393858 /* Sources */ = {
			isa = PBXSourcesBuildPhase;
			buildActionMask = 2147483647;
			files = (
				49C70E612934881C00393858 /* ContentView.swift in Sources */,
				49C70E5F2934881C00393858 /* MAKATYApp.swift in Sources */,
			);
			runOnlyForDeploymentPostprocessing = 0;
		};
/* End PBXSourcesBuildPhase section */

/* Begin XCBuildConfiguration section */
		49C70E672934881D00393858 /* Debug */ = {
			isa = XCBuildConfiguration;
			buildSettings = {
				ALWAYS_SEARCH_USER_PATHS = NO;
				CLANG_ANALYZER_NONNULL = YES;
				CLANG_ANALYZER_NUMBER_OBJECT_CONVERSION = YES_AGGRESSIVE;
				CLANG_CXX_LANGUAGE_STANDARD = "gnu++20";
				CLANG_ENABLE_MODULES = YES;
				CLANG_ENABLE_OBJC_ARC = YES;
				CLANG_ENABLE_OBJC_WEAK = YES;
				CLANG_WARN_BLOCK_CAPTURE_AUTORELEASING = YES;
				CLANG_WARN_BOOL_CONVERSION = YES;
				CLANG_WARN_COMMA = YES;
				CLANG_WARN_CONSTANT_CONVERSION = YES;
				CLANG_WARN_DEPRECATED_OBJC_IMPLEMENTATIONS = YES;
				CLANG_WARN_DIRECT_OBJC_ISA_USAGE = YES_ERROR;
				CLANG_WARN_DOCUMENTATION_COMMENTS = YES;
				CLANG_WARN_EMPTY_BODY = YES;
				CLANG_WARN_ENUM_CONVERSION = YES;
				CLANG_WARN_INFINITE_RECURSION = YES;
				CLANG_WARN_INT_CONVERSION = YES;
				CLANG_WARN_NON_LITERAL_NULL_CONVERSION = YES;
				CLANG_WARN_OBJC_IMPLICIT_RETAIN_SELF = YES;
				CLANG_WARN_OBJC_LITERAL_CONVERSION = YES;
				CLANG_WARN_OBJC_ROOT_CLASS = YES_ERROR;
				CLANG_WARN_QUOTED_INCLUDE_IN_FRAMEWORK_HEADER = YES;
				CLANG_WARN_RANGE_LOOP_ANALYSIS = YES;
				CLANG_WARN_STRICT_PROTOTYPES = YES;
				CLANG_WARN_SUSPICIOUS_MOVE = YES;
				CLANG_WARN_UNGUARDED_AVAILABILITY = YES_AGGRESSIVE;
				CLANG_WARN_UNREACHABLE_CODE = YES;
				CLANG_WARN__DUPLICATE_METHOD_MATCH = YES;
				COPY_PHASE_STRIP = NO;
				DEBUG_INFORMATION_FORMAT = dwarf;
				ENABLE_STRICT_OBJC_MSGSEND = YES;
				ENABLE_TESTABILITY = YES;
				GCC_C_LANGUAGE_STANDARD = gnu11;
				GCC_DYNAMIC_NO_PIC = NO;
				GCC_NO_COMMON_BLOCKS = YES;
				GCC_OPTIMIZATION_LEVEL = 0;
				GCC_PREPROCESSOR_DEFINITIONS = (
					"DEBUG=1",
					"$(inherited)",
				);
				GCC_WARN_64_TO_32_BIT_CONVERSION = YES;
				GCC_WARN_ABOUT_RETURN_TYPE = YES_ERROR;
				GCC_WARN_UNDECLARED_SELECTOR = YES;
				GCC_WARN_UNINITIALIZED_AUTOS = YES_AGGRESSIVE;
				GCC_WARN_UNUSED_FUNCTION = YES;
				GCC_WARN_UNUSED_VARIABLE = YES;
				IPHONEOS_DEPLOYMENT_TARGET = 16.0;
				MTL_ENABLE_DEBUG_INFO = INCLUDE_SOURCE;
				MTL_FAST_MATH = YES;
				ONLY_ACTIVE_ARCH = YES;
				SDKROOT = iphoneos;
				SWIFT_ACTIVE_COMPILATION_CONDITIONS = DEBUG;
				SWIFT_OPTIMIZATION_LEVEL = "-Onone";
			};
			name = Debug;
		};
		49C70E682934881D00393858 /* Release */ = {
			isa = XCBuildConfiguration;
			buildSettings = {
				ALWAYS_SEARCH_USER_PATHS = NO;
				CLANG_ANALYZER_NONNULL = YES;
				CLANG_ANALYZER_NUMBER_OBJECT_CONVERSION = YES_AGGRESSIVE;
				CLANG_CXX_LANGUAGE_STANDARD = "gnu++20";
				CLANG_ENABLE_MODULES = YES;
				CLANG_ENABLE_OBJC_ARC = YES;
				CLANG_ENABLE_OBJC_WEAK = YES;
				CLANG_WARN_BLOCK_CAPTURE_AUTORELEASING = YES;
				CLANG_WARN_BOOL_CONVERSION = YES;
				CLANG_WARN_COMMA = YES;
				CLANG_WARN_CONSTANT_CONVERSION = YES;
				CLANG_WARN_DEPRECATED_OBJC_IMPLEMENTATIONS = YES;
				CLANG_WARN_DIRECT_OBJC_ISA_USAGE = YES_ERROR;
				CLANG_WARN_DOCUMENTATION_COMMENTS = YES;
				CLANG_WARN_EMPTY_BODY = YES;
				CLANG_WARN_ENUM_CONVERSION = YES;
				CLANG_WARN_INFINITE_RECURSION = YES;
				CLANG_WARN_INT_CONVERSION = YES;
				CLANG_WARN_NON_LITERAL_NULL_CONVERSION = YES;
				CLANG_WARN_OBJC_IMPLICIT_RETAIN_SELF = YES;
				CLANG_WARN_OBJC_LITERAL_CONVERSION = YES;
				CLANG_WARN_OBJC_ROOT_CLASS = YES_ERROR;
				CLANG_WARN_QUOTED_INCLUDE_IN_FRAMEWORK_HEADER = YES;
				CLANG_WARN_RANGE_LOOP_ANALYSIS = YES;
				CLANG_WARN_STRICT_PROTOTYPES = YES;
				CLANG_WARN_SUSPICIOUS_MOVE = YES;
				CLANG_WARN_UNGUARDED_AVAILABILITY = YES_AGGRESSIVE;
				CLANG_WARN_UNREACHABLE_CODE = YES;
				CLANG_WARN__DUPLICATE_METHOD_MATCH = YES;
				COPY_PHASE_STRIP = NO;
				DEBUG_INFORMATION_FORMAT = "dwarf-with-dsym";
				ENABLE_NS_ASSERTIONS = NO;
				ENABLE_STRICT_OBJC_MSGSEND = YES;
				GCC_C_LANGUAGE_STANDARD = gnu11;
				GCC_NO_COMMON_BLOCKS = YES;
				GCC_WARN_64_TO_32_BIT_CONVERSION = YES;
				GCC_WARN_ABOUT_RETURN_TYPE = YES_ERROR;
				GCC_WARN_UNDECLARED_SELECTOR = YES;
				GCC_WARN_UNINITIALIZED_AUTOS = YES_AGGRESSIVE;
				GCC_WARN_UNUSED_FUNCTION = YES;
				GCC_WARN_UNUSED_VARIABLE = YES;
				IPHONEOS_DEPLOYMENT_TARGET = 16.0;
				MTL_ENABLE_DEBUG_INFO = NO;
				MTL_FAST_MATH = YES;
				SDKROOT = iphoneos;
				SWIFT_COMPILATION_MODE = wholemodule;
				SWIFT_OPTIMIZATION_LEVEL = "-O";
				VALIDATE_PRODUCT = YES;
			};
			name = Release;
		};
		49C70E6A2934881D00393858 /* Debug */ = {
			isa = XCBuildConfiguration;
			buildSettings = {
				ASSETCATALOG_COMPILER_APPICON_NAME = AppIcon;
				ASSETCATALOG_COMPILER_GLOBAL_ACCENT_COLOR_NAME = AccentColor;
				CODE_SIGN_ENTITLEMENTS = MAKATY/MAKATY.entitlements;
				CODE_SIGN_STYLE = Automatic;
				CURRENT_PROJECT_VERSION = 1;
				DEVELOPMENT_ASSET_PATHS = "\"MAKATY/Preview Content\"";
				DEVELOPMENT_TEAM = 5LP3MC28Z5;
				ENABLE_PREVIEWS = YES;
				GENERATE_INFOPLIST_FILE = YES;
				INFOPLIST_FILE = MAKATY/Info.plist;
				INFOPLIST_KEY_CFBundleDisplayName = TestPush;
				INFOPLIST_KEY_UIApplicationSceneManifest_Generation = YES;
				INFOPLIST_KEY_UIApplicationSupportsIndirectInputEvents = YES;
				INFOPLIST_KEY_UILaunchScreen_Generation = YES;
				INFOPLIST_KEY_UISupportedInterfaceOrientations_iPad = "UIInterfaceOrientationPortrait UIInterfaceOrientationPortraitUpsideDown UIInterfaceOrientationLandscapeLeft UIInterfaceOrientationLandscapeRight";
				INFOPLIST_KEY_UISupportedInterfaceOrientations_iPhone = "UIInterfaceOrientationPortrait UIInterfaceOrientationLandscapeLeft UIInterfaceOrientationLandscapeRight";
				LD_RUNPATH_SEARCH_PATHS = (
					"$(inherited)",
					"@executable_path/Frameworks",
				);
				MARKETING_VERSION = 1.0;
				PRODUCT_BUNDLE_IDENTIFIER = com.makaty;
				PRODUCT_NAME = "$(TARGET_NAME)";
				SWIFT_EMIT_LOC_STRINGS = YES;
				SWIFT_VERSION = 5.0;
				TARGETED_DEVICE_FAMILY = "1,2";
			};
			name = Debug;
		};
		49C70E6B2934881D00393858 /* Release */ = {
			isa = XCBuildConfiguration;
			buildSettings = {
				ASSETCATALOG_COMPILER_APPICON_NAME = AppIcon;
				ASSETCATALOG_COMPILER_GLOBAL_ACCENT_COLOR_NAME = AccentColor;
				CODE_SIGN_ENTITLEMENTS = MAKATY/MAKATY.entitlements;
				CODE_SIGN_STYLE = Automatic;
				CURRENT_PROJECT_VERSION = 1;
				DEVELOPMENT_ASSET_PATHS = "\"MAKATY/Preview Content\"";
				DEVELOPMENT_TEAM = 5LP3MC28Z5;
				ENABLE_PREVIEWS = YES;
				GENERATE_INFOPLIST_FILE = YES;
				INFOPLIST_FILE = MAKATY/Info.plist;
				INFOPLIST_KEY_CFBundleDisplayName = TestPush;
				INFOPLIST_KEY_UIApplicationSceneManifest_Generation = YES;
				INFOPLIST_KEY_UIApplicationSupportsIndirectInputEvents = YES;
				INFOPLIST_KEY_UILaunchScreen_Generation = YES;
				INFOPLIST_KEY_UISupportedInterfaceOrientations_iPad = "UIInterfaceOrientationPortrait UIInterfaceOrientationPortraitUpsideDown UIInterfaceOrientationLandscapeLeft UIInterfaceOrientationLandscapeRight";
				INFOPLIST_KEY_UISupportedInterfaceOrientations_iPhone = "UIInterfaceOrientationPortrait UIInterfaceOrientationLandscapeLeft UIInterfaceOrientationLandscapeRight";
				LD_RUNPATH_SEARCH_PATHS = (
					"$(inherited)",
					"@executable_path/Frameworks",
				);
				MARKETING_VERSION = 1.0;
				PRODUCT_BUNDLE_IDENTIFIER = com.makaty;
				PRODUCT_NAME = "$(TARGET_NAME)";
				SWIFT_EMIT_LOC_STRINGS = YES;
				SWIFT_VERSION = 5.0;
				TARGETED_DEVICE_FAMILY = "1,2";
			};
			name = Release;
		};
/* End XCBuildConfiguration section */

/* Begin XCConfigurationList section */
		49C70E562934881B00393858 /* Build configuration list for PBXProject "MAKATY" */ = {
			isa = XCConfigurationList;
			buildConfigurations = (
				49C70E672934881D00393858 /* Debug */,
				49C70E682934881D00393858 /* Release */,
			);
			defaultConfigurationIsVisible = 0;
			defaultConfigurationName = Release;
		};
		49C70E692934881D00393858 /* Build configuration list for PBXNativeTarget "MAKATY" */ = {
			isa = XCConfigurationList;
			buildConfigurations = (
				49C70E6A2934881D00393858 /* Debug */,
				49C70E6B2934881D00393858 /* Release */,
			);
			defaultConfigurationIsVisible = 0;
			defaultConfigurationName = Release;
		};
/* End XCConfigurationList section */

/* Begin XCRemoteSwiftPackageReference section */
		4957317A29349F9200057BD0 /* XCRemoteSwiftPackageReference "Alamofire" */ = {
			isa = XCRemoteSwiftPackageReference;
			repositoryURL = "https://github.com/Alamofire/Alamofire.git";
			requirement = {
				branch = master;
				kind = branch;
			};
		};
		4957317D2934A38300057BD0 /* XCRemoteSwiftPackageReference "firebase-ios-sdk" */ = {
			isa = XCRemoteSwiftPackageReference;
			repositoryURL = "https://github.com/firebase/firebase-ios-sdk";
			requirement = {
				branch = master;
				kind = branch;
			};
		};
/* End XCRemoteSwiftPackageReference section */

/* Begin XCSwiftPackageProductDependency section */
		4957317B29349F9200057BD0 /* Alamofire */ = {
			isa = XCSwiftPackageProductDependency;
			package = 4957317A29349F9200057BD0 /* XCRemoteSwiftPackageReference "Alamofire" */;
			productName = Alamofire;
		};
		495731802934A38300057BD0 /* FirebaseMessaging */ = {
			isa = XCSwiftPackageProductDependency;
			package = 4957317D2934A38300057BD0 /* XCRemoteSwiftPackageReference "firebase-ios-sdk" */;
			productName = FirebaseMessaging;
		};
		4957319F2934B43600057BD0 /* FirebaseAnalytics */ = {
			isa = XCSwiftPackageProductDependency;
			package = 4957317D2934A38300057BD0 /* XCRemoteSwiftPackageReference "firebase-ios-sdk" */;
			productName = FirebaseAnalytics;
		};
		495731A52934DF8400057BD0 /* FirebaseDynamicLinks */ = {
			isa = XCSwiftPackageProductDependency;
			package = 4957317D2934A38300057BD0 /* XCRemoteSwiftPackageReference "firebase-ios-sdk" */;
			productName = FirebaseDynamicLinks;
		};
/* End XCSwiftPackageProductDependency section */
	};
	rootObject = 49C70E532934881B00393858 /* Project object */;
}
